// !$*UTF8*$!
{
	archiveVersion = 1;
	classes = {
	};
	objectVersion = 56;
	objects = {

/* Begin PBXBuildFile section */
		5724EF1629F360440023C76B /* PokemonModel.swift in Sources */ = {isa = PBXBuildFile; fileRef = 5724EF1529F360440023C76B /* PokemonModel.swift */; };
		572E80AE29F76E1D00E64C8D /* CompareViewController.swift in Sources */ = {isa = PBXBuildFile; fileRef = 572E80AD29F76E1D00E64C8D /* CompareViewController.swift */; };
		5739160F29F5B93E0005BC1E /* PokemonData.xcdatamodeld in Sources */ = {isa = PBXBuildFile; fileRef = 5739160D29F5B93E0005BC1E /* PokemonData.xcdatamodeld */; };
		57590C5C29F5D21F006EE642 /* PokemonsFavorite+CoreDataClass.swift in Sources */ = {isa = PBXBuildFile; fileRef = 57590C5A29F5D21F006EE642 /* PokemonsFavorite+CoreDataClass.swift */; };
		57590C5D29F5D21F006EE642 /* PokemonsFavorite+CoreDataProperties.swift in Sources */ = {isa = PBXBuildFile; fileRef = 57590C5B29F5D21F006EE642 /* PokemonsFavorite+CoreDataProperties.swift */; };
		57B2BDDF29F458D000FA7766 /* InformationViewController.swift in Sources */ = {isa = PBXBuildFile; fileRef = 57B2BDDE29F458D000FA7766 /* InformationViewController.swift */; };
		9F8FC86629ED90CD00548589 /* AppDelegate.swift in Sources */ = {isa = PBXBuildFile; fileRef = 9F8FC86529ED90CD00548589 /* AppDelegate.swift */; };
		9F8FC86829ED90CD00548589 /* SceneDelegate.swift in Sources */ = {isa = PBXBuildFile; fileRef = 9F8FC86729ED90CD00548589 /* SceneDelegate.swift */; };
		9F8FC86A29ED90CD00548589 /* ViewController.swift in Sources */ = {isa = PBXBuildFile; fileRef = 9F8FC86929ED90CD00548589 /* ViewController.swift */; };
		9F8FC86D29ED90CD00548589 /* Main.storyboard in Resources */ = {isa = PBXBuildFile; fileRef = 9F8FC86B29ED90CD00548589 /* Main.storyboard */; };
		9F8FC86F29ED90CF00548589 /* Assets.xcassets in Resources */ = {isa = PBXBuildFile; fileRef = 9F8FC86E29ED90CF00548589 /* Assets.xcassets */; };
		9F8FC87229ED90CF00548589 /* LaunchScreen.storyboard in Resources */ = {isa = PBXBuildFile; fileRef = 9F8FC87029ED90CF00548589 /* LaunchScreen.storyboard */; };
		9F8FC87A29ED91E100548589 /* ViewControllerFavorite.swift in Sources */ = {isa = PBXBuildFile; fileRef = 9F8FC87929ED91E100548589 /* ViewControllerFavorite.swift */; };
		9F8FC87D29ED9A1B00548589 /* CollectionViewCellPokemon.swift in Sources */ = {isa = PBXBuildFile; fileRef = 9F8FC87B29ED9A1B00548589 /* CollectionViewCellPokemon.swift */; };
		9F8FC87E29ED9A1B00548589 /* CollectionViewCellPokemon.xib in Resources */ = {isa = PBXBuildFile; fileRef = 9F8FC87C29ED9A1B00548589 /* CollectionViewCellPokemon.xib */; };
/* End PBXBuildFile section */

/* Begin PBXFileReference section */
		5724EF1529F360440023C76B /* PokemonModel.swift */ = {isa = PBXFileReference; lastKnownFileType = sourcecode.swift; path = PokemonModel.swift; sourceTree = "<group>"; };
		572E80AD29F76E1D00E64C8D /* CompareViewController.swift */ = {isa = PBXFileReference; lastKnownFileType = sourcecode.swift; path = CompareViewController.swift; sourceTree = "<group>"; };
		5739160E29F5B93E0005BC1E /* PokemonData.xcdatamodel */ = {isa = PBXFileReference; lastKnownFileType = wrapper.xcdatamodel; path = PokemonData.xcdatamodel; sourceTree = "<group>"; };
		57590C5A29F5D21F006EE642 /* PokemonsFavorite+CoreDataClass.swift */ = {isa = PBXFileReference; lastKnownFileType = sourcecode.swift; path = "PokemonsFavorite+CoreDataClass.swift"; sourceTree = "<group>"; };
		57590C5B29F5D21F006EE642 /* PokemonsFavorite+CoreDataProperties.swift */ = {isa = PBXFileReference; lastKnownFileType = sourcecode.swift; path = "PokemonsFavorite+CoreDataProperties.swift"; sourceTree = "<group>"; };
		57B2BDDE29F458D000FA7766 /* InformationViewController.swift */ = {isa = PBXFileReference; lastKnownFileType = sourcecode.swift; path = InformationViewController.swift; sourceTree = "<group>"; };
		9F8FC86229ED90CD00548589 /* reto01FW.app */ = {isa = PBXFileReference; explicitFileType = wrapper.application; includeInIndex = 0; path = reto01FW.app; sourceTree = BUILT_PRODUCTS_DIR; };
		9F8FC86529ED90CD00548589 /* AppDelegate.swift */ = {isa = PBXFileReference; lastKnownFileType = sourcecode.swift; path = AppDelegate.swift; sourceTree = "<group>"; };
		9F8FC86729ED90CD00548589 /* SceneDelegate.swift */ = {isa = PBXFileReference; lastKnownFileType = sourcecode.swift; path = SceneDelegate.swift; sourceTree = "<group>"; };
		9F8FC86929ED90CD00548589 /* ViewController.swift */ = {isa = PBXFileReference; lastKnownFileType = sourcecode.swift; path = ViewController.swift; sourceTree = "<group>"; };
		9F8FC86C29ED90CD00548589 /* Base */ = {isa = PBXFileReference; lastKnownFileType = file.storyboard; name = Base; path = Base.lproj/Main.storyboard; sourceTree = "<group>"; };
		9F8FC86E29ED90CF00548589 /* Assets.xcassets */ = {isa = PBXFileReference; lastKnownFileType = folder.assetcatalog; path = Assets.xcassets; sourceTree = "<group>"; };
		9F8FC87129ED90CF00548589 /* Base */ = {isa = PBXFileReference; lastKnownFileType = file.storyboard; name = Base; path = Base.lproj/LaunchScreen.storyboard; sourceTree = "<group>"; };
		9F8FC87329ED90CF00548589 /* Info.plist */ = {isa = PBXFileReference; lastKnownFileType = text.plist.xml; path = Info.plist; sourceTree = "<group>"; };
		9F8FC87929ED91E100548589 /* ViewControllerFavorite.swift */ = {isa = PBXFileReference; lastKnownFileType = sourcecode.swift; path = ViewControllerFavorite.swift; sourceTree = "<group>"; };
		9F8FC87B29ED9A1B00548589 /* CollectionViewCellPokemon.swift */ = {isa = PBXFileReference; lastKnownFileType = sourcecode.swift; path = CollectionViewCellPokemon.swift; sourceTree = "<group>"; };
		9F8FC87C29ED9A1B00548589 /* CollectionViewCellPokemon.xib */ = {isa = PBXFileReference; lastKnownFileType = file.xib; path = CollectionViewCellPokemon.xib; sourceTree = "<group>"; };
/* End PBXFileReference section */

/* Begin PBXFrameworksBuildPhase section */
		9F8FC85F29ED90CD00548589 /* Frameworks */ = {
			isa = PBXFrameworksBuildPhase;
			buildActionMask = 2147483647;
			files = (
			);
			runOnlyForDeploymentPostprocessing = 0;
		};
/* End PBXFrameworksBuildPhase section */

/* Begin PBXGroup section */
		5724EF1129F35B140023C76B /* Models */ = {
			isa = PBXGroup;
			children = (
				5724EF1529F360440023C76B /* PokemonModel.swift */,
				5739160D29F5B93E0005BC1E /* PokemonData.xcdatamodeld */,
			);
			path = Models;
			sourceTree = "<group>";
		};
		5724EF1229F35B230023C76B /* Controllers */ = {
			isa = PBXGroup;
			children = (
				572E80AD29F76E1D00E64C8D /* CompareViewController.swift */,
				9F8FC87B29ED9A1B00548589 /* CollectionViewCellPokemon.swift */,
				9F8FC86929ED90CD00548589 /* ViewController.swift */,
				9F8FC87929ED91E100548589 /* ViewControllerFavorite.swift */,
				57B2BDDE29F458D000FA7766 /* InformationViewController.swift */,
			);
			path = Controllers;
			sourceTree = "<group>";
		};
		5724EF1329F35B300023C76B /* Views */ = {
			isa = PBXGroup;
			children = (
				9F8FC87C29ED9A1B00548589 /* CollectionViewCellPokemon.xib */,
				9F8FC86B29ED90CD00548589 /* Main.storyboard */,
			);
			path = Views;
			sourceTree = "<group>";
		};
		5724EF1429F35F000023C76B /* Utilities */ = {
			isa = PBXGroup;
			children = (
			);
			path = Utilities;
			sourceTree = "<group>";
		};
		9F8FC85929ED90CD00548589 = {
			isa = PBXGroup;
			children = (
				57590C5A29F5D21F006EE642 /* PokemonsFavorite+CoreDataClass.swift */,
				57590C5B29F5D21F006EE642 /* PokemonsFavorite+CoreDataProperties.swift */,
				9F8FC86429ED90CD00548589 /* reto01FW */,
				9F8FC86329ED90CD00548589 /* Products */,
			);
			sourceTree = "<group>";
		};
		9F8FC86329ED90CD00548589 /* Products */ = {
			isa = PBXGroup;
			children = (
				9F8FC86229ED90CD00548589 /* reto01FW.app */,
			);
			name = Products;
			sourceTree = "<group>";
		};
		9F8FC86429ED90CD00548589 /* reto01FW */ = {
			isa = PBXGroup;
			children = (
				5724EF1429F35F000023C76B /* Utilities */,
				5724EF1329F35B300023C76B /* Views */,
				5724EF1229F35B230023C76B /* Controllers */,
				5724EF1129F35B140023C76B /* Models */,
				9F8FC86529ED90CD00548589 /* AppDelegate.swift */,
				9F8FC86729ED90CD00548589 /* SceneDelegate.swift */,
				9F8FC86E29ED90CF00548589 /* Assets.xcassets */,
				9F8FC87029ED90CF00548589 /* LaunchScreen.storyboard */,
				9F8FC87329ED90CF00548589 /* Info.plist */,
			);
			path = reto01FW;
			sourceTree = "<group>";
		};
/* End PBXGroup section */

/* Begin PBXNativeTarget section */
		9F8FC86129ED90CD00548589 /* reto01FW */ = {
			isa = PBXNativeTarget;
			buildConfigurationList = 9F8FC87629ED90CF00548589 /* Build configuration list for PBXNativeTarget "reto01FW" */;
			buildPhases = (
				9F8FC85E29ED90CD00548589 /* Sources */,
				9F8FC85F29ED90CD00548589 /* Frameworks */,
				9F8FC86029ED90CD00548589 /* Resources */,
			);
			buildRules = (
			);
			dependencies = (
			);
			name = reto01FW;
			productName = reto01FW;
			productReference = 9F8FC86229ED90CD00548589 /* reto01FW.app */;
			productType = "com.apple.product-type.application";
		};
/* End PBXNativeTarget section */

/* Begin PBXProject section */
		9F8FC85A29ED90CD00548589 /* Project object */ = {
			isa = PBXProject;
			attributes = {
				BuildIndependentTargetsInParallel = 1;
				LastSwiftUpdateCheck = 1430;
				LastUpgradeCheck = 1430;
				TargetAttributes = {
					9F8FC86129ED90CD00548589 = {
						CreatedOnToolsVersion = 14.3;
					};
				};
			};
			buildConfigurationList = 9F8FC85D29ED90CD00548589 /* Build configuration list for PBXProject "reto01FW" */;
			compatibilityVersion = "Xcode 14.0";
			developmentRegion = en;
			hasScannedForEncodings = 0;
			knownRegions = (
				en,
				Base,
			);
			mainGroup = 9F8FC85929ED90CD00548589;
			productRefGroup = 9F8FC86329ED90CD00548589 /* Products */;
			projectDirPath = "";
			projectRoot = "";
			targets = (
				9F8FC86129ED90CD00548589 /* reto01FW */,
			);
		};
/* End PBXProject section */

/* Begin PBXResourcesBuildPhase section */
		9F8FC86029ED90CD00548589 /* Resources */ = {
			isa = PBXResourcesBuildPhase;
			buildActionMask = 2147483647;
			files = (
				9F8FC87229ED90CF00548589 /* LaunchScreen.storyboard in Resources */,
				9F8FC86F29ED90CF00548589 /* Assets.xcassets in Resources */,
				9F8FC87E29ED9A1B00548589 /* CollectionViewCellPokemon.xib in Resources */,
				9F8FC86D29ED90CD00548589 /* Main.storyboard in Resources */,
			);
			runOnlyForDeploymentPostprocessing = 0;
		};
/* End PBXResourcesBuildPhase section */

/* Begin PBXSourcesBuildPhase section */
		9F8FC85E29ED90CD00548589 /* Sources */ = {
			isa = PBXSourcesBuildPhase;
			buildActionMask = 2147483647;
			files = (
				9F8FC86A29ED90CD00548589 /* ViewController.swift in Sources */,
				5724EF1629F360440023C76B /* PokemonModel.swift in Sources */,
				57B2BDDF29F458D000FA7766 /* InformationViewController.swift in Sources */,
				57590C5D29F5D21F006EE642 /* PokemonsFavorite+CoreDataProperties.swift in Sources */,
				5739160F29F5B93E0005BC1E /* PokemonData.xcdatamodeld in Sources */,
				9F8FC87D29ED9A1B00548589 /* CollectionViewCellPokemon.swift in Sources */,
				9F8FC86629ED90CD00548589 /* AppDelegate.swift in Sources */,
				9F8FC87A29ED91E100548589 /* ViewControllerFavorite.swift in Sources */,
				57590C5C29F5D21F006EE642 /* PokemonsFavorite+CoreDataClass.swift in Sources */,
				9F8FC86829ED90CD00548589 /* SceneDelegate.swift in Sources */,
				572E80AE29F76E1D00E64C8D /* CompareViewController.swift in Sources */,
			);
			runOnlyForDeploymentPostprocessing = 0;
		};
/* End PBXSourcesBuildPhase section */

/* Begin PBXVariantGroup section */
		9F8FC86B29ED90CD00548589 /* Main.storyboard */ = {
			isa = PBXVariantGroup;
			children = (
				9F8FC86C29ED90CD00548589 /* Base */,
			);
			name = Main.storyboard;
			sourceTree = "<group>";
		};
		9F8FC87029ED90CF00548589 /* LaunchScreen.storyboard */ = {
			isa = PBXVariantGroup;
			children = (
				9F8FC87129ED90CF00548589 /* Base */,
			);
			name = LaunchScreen.storyboard;
			sourceTree = "<group>";
		};
/* End PBXVariantGroup section */

/* Begin XCBuildConfiguration section */
		9F8FC87429ED90CF00548589 /* Debug */ = {
			isa = XCBuildConfiguration;
			buildSettings = {
				ALWAYS_SEARCH_USER_PATHS = NO;
				CLANG_ANALYZER_NONNULL = YES;
				CLANG_ANALYZER_NUMBER_OBJECT_CONVERSION = YES_AGGRESSIVE;
				CLANG_CXX_LANGUAGE_STANDARD = "gnu++20";
				CLANG_ENABLE_MODULES = YES;
				CLANG_ENABLE_OBJC_ARC = YES;
				CLANG_ENABLE_OBJC_WEAK = YES;
				CLANG_WARN_BLOCK_CAPTURE_AUTORELEASING = YES;
				CLANG_WARN_BOOL_CONVERSION = YES;
				CLANG_WARN_COMMA = YES;
				CLANG_WARN_CONSTANT_CONVERSION = YES;
				CLANG_WARN_DEPRECATED_OBJC_IMPLEMENTATIONS = YES;
				CLANG_WARN_DIRECT_OBJC_ISA_USAGE = YES_ERROR;
				CLANG_WARN_DOCUMENTATION_COMMENTS = YES;
				CLANG_WARN_EMPTY_BODY = YES;
				CLANG_WARN_ENUM_CONVERSION = YES;
				CLANG_WARN_INFINITE_RECURSION = YES;
				CLANG_WARN_INT_CONVERSION = YES;
				CLANG_WARN_NON_LITERAL_NULL_CONVERSION = YES;
				CLANG_WARN_OBJC_IMPLICIT_RETAIN_SELF = YES;
				CLANG_WARN_OBJC_LITERAL_CONVERSION = YES;
				CLANG_WARN_OBJC_ROOT_CLASS = YES_ERROR;
				CLANG_WARN_QUOTED_INCLUDE_IN_FRAMEWORK_HEADER = YES;
				CLANG_WARN_RANGE_LOOP_ANALYSIS = YES;
				CLANG_WARN_STRICT_PROTOTYPES = YES;
				CLANG_WARN_SUSPICIOUS_MOVE = YES;
				CLANG_WARN_UNGUARDED_AVAILABILITY = YES_AGGRESSIVE;
				CLANG_WARN_UNREACHABLE_CODE = YES;
				CLANG_WARN__DUPLICATE_METHOD_MATCH = YES;
				COPY_PHASE_STRIP = NO;
				DEBUG_INFORMATION_FORMAT = dwarf;
				ENABLE_STRICT_OBJC_MSGSEND = YES;
				ENABLE_TESTABILITY = YES;
				GCC_C_LANGUAGE_STANDARD = gnu11;
				GCC_DYNAMIC_NO_PIC = NO;
				GCC_NO_COMMON_BLOCKS = YES;
				GCC_OPTIMIZATION_LEVEL = 0;
				GCC_PREPROCESSOR_DEFINITIONS = (
					"DEBUG=1",
					"$(inherited)",
				);
				GCC_WARN_64_TO_32_BIT_CONVERSION = YES;
				GCC_WARN_ABOUT_RETURN_TYPE = YES_ERROR;
				GCC_WARN_UNDECLARED_SELECTOR = YES;
				GCC_WARN_UNINITIALIZED_AUTOS = YES_AGGRESSIVE;
				GCC_WARN_UNUSED_FUNCTION = YES;
				GCC_WARN_UNUSED_VARIABLE = YES;
				IPHONEOS_DEPLOYMENT_TARGET = 16.4;
				MTL_ENABLE_DEBUG_INFO = INCLUDE_SOURCE;
				MTL_FAST_MATH = YES;
				ONLY_ACTIVE_ARCH = YES;
				SDKROOT = iphoneos;
				SWIFT_ACTIVE_COMPILATION_CONDITIONS = DEBUG;
				SWIFT_OPTIMIZATION_LEVEL = "-Onone";
			};
			name = Debug;
		};
		9F8FC87529ED90CF00548589 /* Release */ = {
			isa = XCBuildConfiguration;
			buildSettings = {
				ALWAYS_SEARCH_USER_PATHS = NO;
				CLANG_ANALYZER_NONNULL = YES;
				CLANG_ANALYZER_NUMBER_OBJECT_CONVERSION = YES_AGGRESSIVE;
				CLANG_CXX_LANGUAGE_STANDARD = "gnu++20";
				CLANG_ENABLE_MODULES = YES;
				CLANG_ENABLE_OBJC_ARC = YES;
				CLANG_ENABLE_OBJC_WEAK = YES;
				CLANG_WARN_BLOCK_CAPTURE_AUTORELEASING = YES;
				CLANG_WARN_BOOL_CONVERSION = YES;
				CLANG_WARN_COMMA = YES;
				CLANG_WARN_CONSTANT_CONVERSION = YES;
				CLANG_WARN_DEPRECATED_OBJC_IMPLEMENTATIONS = YES;
				CLANG_WARN_DIRECT_OBJC_ISA_USAGE = YES_ERROR;
				CLANG_WARN_DOCUMENTATION_COMMENTS = YES;
				CLANG_WARN_EMPTY_BODY = YES;
				CLANG_WARN_ENUM_CONVERSION = YES;
				CLANG_WARN_INFINITE_RECURSION = YES;
				CLANG_WARN_INT_CONVERSION = YES;
				CLANG_WARN_NON_LITERAL_NULL_CONVERSION = YES;
				CLANG_WARN_OBJC_IMPLICIT_RETAIN_SELF = YES;
				CLANG_WARN_OBJC_LITERAL_CONVERSION = YES;
				CLANG_WARN_OBJC_ROOT_CLASS = YES_ERROR;
				CLANG_WARN_QUOTED_INCLUDE_IN_FRAMEWORK_HEADER = YES;
				CLANG_WARN_RANGE_LOOP_ANALYSIS = YES;
				CLANG_WARN_STRICT_PROTOTYPES = YES;
				CLANG_WARN_SUSPICIOUS_MOVE = YES;
				CLANG_WARN_UNGUARDED_AVAILABILITY = YES_AGGRESSIVE;
				CLANG_WARN_UNREACHABLE_CODE = YES;
				CLANG_WARN__DUPLICATE_METHOD_MATCH = YES;
				COPY_PHASE_STRIP = NO;
				DEBUG_INFORMATION_FORMAT = "dwarf-with-dsym";
				ENABLE_NS_ASSERTIONS = NO;
				ENABLE_STRICT_OBJC_MSGSEND = YES;
				GCC_C_LANGUAGE_STANDARD = gnu11;
				GCC_NO_COMMON_BLOCKS = YES;
				GCC_WARN_64_TO_32_BIT_CONVERSION = YES;
				GCC_WARN_ABOUT_RETURN_TYPE = YES_ERROR;
				GCC_WARN_UNDECLARED_SELECTOR = YES;
				GCC_WARN_UNINITIALIZED_AUTOS = YES_AGGRESSIVE;
				GCC_WARN_UNUSED_FUNCTION = YES;
				GCC_WARN_UNUSED_VARIABLE = YES;
				IPHONEOS_DEPLOYMENT_TARGET = 16.4;
				MTL_ENABLE_DEBUG_INFO = NO;
				MTL_FAST_MATH = YES;
				SDKROOT = iphoneos;
				SWIFT_COMPILATION_MODE = wholemodule;
				SWIFT_OPTIMIZATION_LEVEL = "-O";
				VALIDATE_PRODUCT = YES;
			};
			name = Release;
		};
		9F8FC87729ED90CF00548589 /* Debug */ = {
			isa = XCBuildConfiguration;
			buildSettings = {
				ASSETCATALOG_COMPILER_APPICON_NAME = AppIcon;
				ASSETCATALOG_COMPILER_GLOBAL_ACCENT_COLOR_NAME = AccentColor;
				CODE_SIGN_STYLE = Automatic;
				CURRENT_PROJECT_VERSION = 1;
				GENERATE_INFOPLIST_FILE = YES;
				INFOPLIST_FILE = reto01FW/Info.plist;
				INFOPLIST_KEY_UIApplicationSupportsIndirectInputEvents = YES;
				INFOPLIST_KEY_UILaunchStoryboardName = LaunchScreen;
				INFOPLIST_KEY_UIMainStoryboardFile = Main;
				INFOPLIST_KEY_UISupportedInterfaceOrientations_iPad = "UIInterfaceOrientationPortrait UIInterfaceOrientationPortraitUpsideDown UIInterfaceOrientationLandscapeLeft UIInterfaceOrientationLandscapeRight";
				INFOPLIST_KEY_UISupportedInterfaceOrientations_iPhone = "UIInterfaceOrientationPortrait UIInterfaceOrientationLandscapeLeft UIInterfaceOrientationLandscapeRight";
				LD_RUNPATH_SEARCH_PATHS = (
					"$(inherited)",
					"@executable_path/Frameworks",
				);
				MARKETING_VERSION = 1.0;
				PRODUCT_BUNDLE_IDENTIFIER = TiSmart.reto01FW;
				PRODUCT_NAME = "$(TARGET_NAME)";
				SWIFT_EMIT_LOC_STRINGS = YES;
				SWIFT_VERSION = 5.0;
				TARGETED_DEVICE_FAMILY = "1,2";
			};
			name = Debug;
		};
		9F8FC87829ED90CF00548589 /* Release */ = {
			isa = XCBuildConfiguration;
			buildSettings = {
				ASSETCATALOG_COMPILER_APPICON_NAME = AppIcon;
				ASSETCATALOG_COMPILER_GLOBAL_ACCENT_COLOR_NAME = AccentColor;
				CODE_SIGN_STYLE = Automatic;
				CURRENT_PROJECT_VERSION = 1;
				GENERATE_INFOPLIST_FILE = YES;
				INFOPLIST_FILE = reto01FW/Info.plist;
				INFOPLIST_KEY_UIApplicationSupportsIndirectInputEvents = YES;
				INFOPLIST_KEY_UILaunchStoryboardName = LaunchScreen;
				INFOPLIST_KEY_UIMainStoryboardFile = Main;
				INFOPLIST_KEY_UISupportedInterfaceOrientations_iPad = "UIInterfaceOrientationPortrait UIInterfaceOrientationPortraitUpsideDown UIInterfaceOrientationLandscapeLeft UIInterfaceOrientationLandscapeRight";
				INFOPLIST_KEY_UISupportedInterfaceOrientations_iPhone = "UIInterfaceOrientationPortrait UIInterfaceOrientationLandscapeLeft UIInterfaceOrientationLandscapeRight";
				LD_RUNPATH_SEARCH_PATHS = (
					"$(inherited)",
					"@executable_path/Frameworks",
				);
				MARKETING_VERSION = 1.0;
				PRODUCT_BUNDLE_IDENTIFIER = TiSmart.reto01FW;
				PRODUCT_NAME = "$(TARGET_NAME)";
				SWIFT_EMIT_LOC_STRINGS = YES;
				SWIFT_VERSION = 5.0;
				TARGETED_DEVICE_FAMILY = "1,2";
			};
			name = Release;
		};
/* End XCBuildConfiguration section */

/* Begin XCConfigurationList section */
		9F8FC85D29ED90CD00548589 /* Build configuration list for PBXProject "reto01FW" */ = {
			isa = XCConfigurationList;
			buildConfigurations = (
				9F8FC87429ED90CF00548589 /* Debug */,
				9F8FC87529ED90CF00548589 /* Release */,
			);
			defaultConfigurationIsVisible = 0;
			defaultConfigurationName = Release;
		};
		9F8FC87629ED90CF00548589 /* Build configuration list for PBXNativeTarget "reto01FW" */ = {
			isa = XCConfigurationList;
			buildConfigurations = (
				9F8FC87729ED90CF00548589 /* Debug */,
				9F8FC87829ED90CF00548589 /* Release */,
			);
			defaultConfigurationIsVisible = 0;
			defaultConfigurationName = Release;
		};
/* End XCConfigurationList section */

/* Begin XCVersionGroup section */
		5739160D29F5B93E0005BC1E /* PokemonData.xcdatamodeld */ = {
			isa = XCVersionGroup;
			children = (
				5739160E29F5B93E0005BC1E /* PokemonData.xcdatamodel */,
			);
			currentVersion = 5739160E29F5B93E0005BC1E /* PokemonData.xcdatamodel */;
			path = PokemonData.xcdatamodeld;
			sourceTree = "<group>";
			versionGroupType = wrapper.xcdatamodel;
		};
/* End XCVersionGroup section */
	};
	rootObject = 9F8FC85A29ED90CD00548589 /* Project object */;
}
