// !$*UTF8*$!
{
	archiveVersion = 1;
	classes = {
	};
	objectVersion = 56;
	objects = {

/* Begin PBXBuildFile section */
		13C5E86891B7488F97CE7D40 /* Pods_reto01FW.framework in Frameworks */ = {isa = PBXBuildFile; fileRef = 8323898EA6E9968A2FAC879F /* Pods_reto01FW.framework */; };
		570467342A12F74600F0D926 /* ViewModel.swift in Sources */ = {isa = PBXBuildFile; fileRef = 570467332A12F74600F0D926 /* ViewModel.swift */; };
		571A6E322A021CE20041ACEF /* PokemonData.swift in Sources */ = {isa = PBXBuildFile; fileRef = 571A6E312A021CE20041ACEF /* PokemonData.swift */; };
		572E80AE29F76E1D00E64C8D /* CompareViewController.swift in Sources */ = {isa = PBXBuildFile; fileRef = 572E80AD29F76E1D00E64C8D /* CompareViewController.swift */; };
		5739160F29F5B93E0005BC1E /* PokemonData.xcdatamodeld in Sources */ = {isa = PBXBuildFile; fileRef = 5739160D29F5B93E0005BC1E /* PokemonData.xcdatamodeld */; };
		57590C5C29F5D21F006EE642 /* PokemonsFavorite+CoreDataClass.swift in Sources */ = {isa = PBXBuildFile; fileRef = 57590C5A29F5D21F006EE642 /* PokemonsFavorite+CoreDataClass.swift */; };
		57590C5D29F5D21F006EE642 /* PokemonsFavorite+CoreDataProperties.swift in Sources */ = {isa = PBXBuildFile; fileRef = 57590C5B29F5D21F006EE642 /* PokemonsFavorite+CoreDataProperties.swift */; };
		57590F712A0203E7008A6C56 /* NetworkingProvider.swift in Sources */ = {isa = PBXBuildFile; fileRef = 57590F702A0203E7008A6C56 /* NetworkingProvider.swift */; };
		57B2BDDF29F458D000FA7766 /* InformationViewController.swift in Sources */ = {isa = PBXBuildFile; fileRef = 57B2BDDE29F458D000FA7766 /* InformationViewController.swift */; };
		9F8FC86629ED90CD00548589 /* AppDelegate.swift in Sources */ = {isa = PBXBuildFile; fileRef = 9F8FC86529ED90CD00548589 /* AppDelegate.swift */; };
		9F8FC86829ED90CD00548589 /* SceneDelegate.swift in Sources */ = {isa = PBXBuildFile; fileRef = 9F8FC86729ED90CD00548589 /* SceneDelegate.swift */; };
		9F8FC86A29ED90CD00548589 /* ViewController.swift in Sources */ = {isa = PBXBuildFile; fileRef = 9F8FC86929ED90CD00548589 /* ViewController.swift */; };
		9F8FC86D29ED90CD00548589 /* Main.storyboard in Resources */ = {isa = PBXBuildFile; fileRef = 9F8FC86B29ED90CD00548589 /* Main.storyboard */; };
		9F8FC86F29ED90CF00548589 /* Assets.xcassets in Resources */ = {isa = PBXBuildFile; fileRef = 9F8FC86E29ED90CF00548589 /* Assets.xcassets */; };
		9F8FC87229ED90CF00548589 /* LaunchScreen.storyboard in Resources */ = {isa = PBXBuildFile; fileRef = 9F8FC87029ED90CF00548589 /* LaunchScreen.storyboard */; };
		9F8FC87A29ED91E100548589 /* FavoriteViewController.swift in Sources */ = {isa = PBXBuildFile; fileRef = 9F8FC87929ED91E100548589 /* FavoriteViewController.swift */; };
		9F8FC87D29ED9A1B00548589 /* PokemonCollectionViewCell.swift in Sources */ = {isa = PBXBuildFile; fileRef = 9F8FC87B29ED9A1B00548589 /* PokemonCollectionViewCell.swift */; };
		9F8FC87E29ED9A1B00548589 /* CollectionViewCellPokemon.xib in Resources */ = {isa = PBXBuildFile; fileRef = 9F8FC87C29ED9A1B00548589 /* CollectionViewCellPokemon.xib */; };
/* End PBXBuildFile section */

/* Begin PBXFileReference section */
		07CC2DBDF43BBE1142EC638B /* Pods-reto01FW.release.xcconfig */ = {isa = PBXFileReference; includeInIndex = 1; lastKnownFileType = text.xcconfig; name = "Pods-reto01FW.release.xcconfig"; path = "Target Support Files/Pods-reto01FW/Pods-reto01FW.release.xcconfig"; sourceTree = "<group>"; };
		570467332A12F74600F0D926 /* ViewModel.swift */ = {isa = PBXFileReference; lastKnownFileType = sourcecode.swift; path = ViewModel.swift; sourceTree = "<group>"; };
		571A6E312A021CE20041ACEF /* PokemonData.swift */ = {isa = PBXFileReference; lastKnownFileType = sourcecode.swift; path = PokemonData.swift; sourceTree = "<group>"; };
		572E80AD29F76E1D00E64C8D /* CompareViewController.swift */ = {isa = PBXFileReference; lastKnownFileType = sourcecode.swift; path = CompareViewController.swift; sourceTree = "<group>"; };
		5739160E29F5B93E0005BC1E /* PokemonData.xcdatamodel */ = {isa = PBXFileReference; lastKnownFileType = wrapper.xcdatamodel; path = PokemonData.xcdatamodel; sourceTree = "<group>"; };
		57590C5A29F5D21F006EE642 /* PokemonsFavorite+CoreDataClass.swift */ = {isa = PBXFileReference; lastKnownFileType = sourcecode.swift; path = "PokemonsFavorite+CoreDataClass.swift"; sourceTree = "<group>"; };
		57590C5B29F5D21F006EE642 /* PokemonsFavorite+CoreDataProperties.swift */ = {isa = PBXFileReference; lastKnownFileType = sourcecode.swift; path = "PokemonsFavorite+CoreDataProperties.swift"; sourceTree = "<group>"; };
		57590F702A0203E7008A6C56 /* NetworkingProvider.swift */ = {isa = PBXFileReference; lastKnownFileType = sourcecode.swift; path = NetworkingProvider.swift; sourceTree = "<group>"; };
		57B2BDDE29F458D000FA7766 /* InformationViewController.swift */ = {isa = PBXFileReference; lastKnownFileType = sourcecode.swift; path = InformationViewController.swift; sourceTree = "<group>"; };
		8323898EA6E9968A2FAC879F /* Pods_reto01FW.framework */ = {isa = PBXFileReference; explicitFileType = wrapper.framework; includeInIndex = 0; path = Pods_reto01FW.framework; sourceTree = BUILT_PRODUCTS_DIR; };
		9F8FC86229ED90CD00548589 /* reto01FW.app */ = {isa = PBXFileReference; explicitFileType = wrapper.application; includeInIndex = 0; path = reto01FW.app; sourceTree = BUILT_PRODUCTS_DIR; };
		9F8FC86529ED90CD00548589 /* AppDelegate.swift */ = {isa = PBXFileReference; lastKnownFileType = sourcecode.swift; path = AppDelegate.swift; sourceTree = "<group>"; };
		9F8FC86729ED90CD00548589 /* SceneDelegate.swift */ = {isa = PBXFileReference; lastKnownFileType = sourcecode.swift; path = SceneDelegate.swift; sourceTree = "<group>"; };
		9F8FC86929ED90CD00548589 /* ViewController.swift */ = {isa = PBXFileReference; lastKnownFileType = sourcecode.swift; path = ViewController.swift; sourceTree = "<group>"; };
		9F8FC86C29ED90CD00548589 /* Base */ = {isa = PBXFileReference; lastKnownFileType = file.storyboard; name = Base; path = Base.lproj/Main.storyboard; sourceTree = "<group>"; };
		9F8FC86E29ED90CF00548589 /* Assets.xcassets */ = {isa = PBXFileReference; lastKnownFileType = folder.assetcatalog; path = Assets.xcassets; sourceTree = "<group>"; };
		9F8FC87129ED90CF00548589 /* Base */ = {isa = PBXFileReference; lastKnownFileType = file.storyboard; name = Base; path = Base.lproj/LaunchScreen.storyboard; sourceTree = "<group>"; };
		9F8FC87329ED90CF00548589 /* Info.plist */ = {isa = PBXFileReference; lastKnownFileType = text.plist.xml; path = Info.plist; sourceTree = "<group>"; };
		9F8FC87929ED91E100548589 /* FavoriteViewController.swift */ = {isa = PBXFileReference; lastKnownFileType = sourcecode.swift; path = FavoriteViewController.swift; sourceTree = "<group>"; };
		9F8FC87B29ED9A1B00548589 /* PokemonCollectionViewCell.swift */ = {isa = PBXFileReference; lastKnownFileType = sourcecode.swift; path = PokemonCollectionViewCell.swift; sourceTree = "<group>"; };
		9F8FC87C29ED9A1B00548589 /* CollectionViewCellPokemon.xib */ = {isa = PBXFileReference; lastKnownFileType = file.xib; path = CollectionViewCellPokemon.xib; sourceTree = "<group>"; };
		C659D9FB3C897929A562E5EE /* Pods-reto01FW.debug.xcconfig */ = {isa = PBXFileReference; includeInIndex = 1; lastKnownFileType = text.xcconfig; name = "Pods-reto01FW.debug.xcconfig"; path = "Target Support Files/Pods-reto01FW/Pods-reto01FW.debug.xcconfig"; sourceTree = "<group>"; };
/* End PBXFileReference section */

/* Begin PBXFrameworksBuildPhase section */
		9F8FC85F29ED90CD00548589 /* Frameworks */ = {
			isa = PBXFrameworksBuildPhase;
			buildActionMask = 2147483647;
			files = (
				13C5E86891B7488F97CE7D40 /* Pods_reto01FW.framework in Frameworks */,
			);
			runOnlyForDeploymentPostprocessing = 0;
		};
/* End PBXFrameworksBuildPhase section */

/* Begin PBXGroup section */
		570467322A12F70E00F0D926 /* ViewModels */ = {
			isa = PBXGroup;
			children = (
				570467332A12F74600F0D926 /* ViewModel.swift */,
			);
			path = ViewModels;
			sourceTree = "<group>";
		};
		571A6E2D2A0216FF0041ACEF /* Network */ = {
			isa = PBXGroup;
			children = (
				571A6E2E2A02171B0041ACEF /* Data */,
				57590F702A0203E7008A6C56 /* NetworkingProvider.swift */,
			);
			path = Network;
			sourceTree = "<group>";
		};
		571A6E2E2A02171B0041ACEF /* Data */ = {
			isa = PBXGroup;
			children = (
				571A6E312A021CE20041ACEF /* PokemonData.swift */,
			);
			path = Data;
			sourceTree = "<group>";
		};
		5724EF1129F35B140023C76B /* Models */ = {
			isa = PBXGroup;
			children = (
				57590C5A29F5D21F006EE642 /* PokemonsFavorite+CoreDataClass.swift */,
				57590C5B29F5D21F006EE642 /* PokemonsFavorite+CoreDataProperties.swift */,
				5739160D29F5B93E0005BC1E /* PokemonData.xcdatamodeld */,
			);
			path = Models;
			sourceTree = "<group>";
		};
		5724EF1229F35B230023C76B /* Controllers */ = {
			isa = PBXGroup;
			children = (
				572E80AD29F76E1D00E64C8D /* CompareViewController.swift */,
				9F8FC87B29ED9A1B00548589 /* PokemonCollectionViewCell.swift */,
				9F8FC86929ED90CD00548589 /* ViewController.swift */,
				9F8FC87929ED91E100548589 /* FavoriteViewController.swift */,
				57B2BDDE29F458D000FA7766 /* InformationViewController.swift */,
			);
			path = Controllers;
			sourceTree = "<group>";
		};
		5724EF1329F35B300023C76B /* Views */ = {
			isa = PBXGroup;
			children = (
				9F8FC87C29ED9A1B00548589 /* CollectionViewCellPokemon.xib */,
				9F8FC86B29ED90CD00548589 /* Main.storyboard */,
			);
			path = Views;
			sourceTree = "<group>";
		};
		841C0E02125B6325E6CACC15 /* Pods */ = {
			isa = PBXGroup;
			children = (
				C659D9FB3C897929A562E5EE /* Pods-reto01FW.debug.xcconfig */,
				07CC2DBDF43BBE1142EC638B /* Pods-reto01FW.release.xcconfig */,
			);
			path = Pods;
			sourceTree = "<group>";
		};
		9F8FC85929ED90CD00548589 = {
			isa = PBXGroup;
			children = (
				9F8FC86429ED90CD00548589 /* reto01FW */,
				9F8FC86329ED90CD00548589 /* Products */,
				841C0E02125B6325E6CACC15 /* Pods */,
				B6A275918A189278B7E52717 /* Frameworks */,
			);
			sourceTree = "<group>";
		};
		9F8FC86329ED90CD00548589 /* Products */ = {
			isa = PBXGroup;
			children = (
				9F8FC86229ED90CD00548589 /* reto01FW.app */,
			);
			name = Products;
			sourceTree = "<group>";
		};
		9F8FC86429ED90CD00548589 /* reto01FW */ = {
			isa = PBXGroup;
			children = (
				570467322A12F70E00F0D926 /* ViewModels */,
				571A6E2D2A0216FF0041ACEF /* Network */,
				5724EF1329F35B300023C76B /* Views */,
				5724EF1229F35B230023C76B /* Controllers */,
				5724EF1129F35B140023C76B /* Models */,
				9F8FC86529ED90CD00548589 /* AppDelegate.swift */,
				9F8FC86729ED90CD00548589 /* SceneDelegate.swift */,
				9F8FC86E29ED90CF00548589 /* Assets.xcassets */,
				9F8FC87029ED90CF00548589 /* LaunchScreen.storyboard */,
				9F8FC87329ED90CF00548589 /* Info.plist */,
			);
			path = reto01FW;
			sourceTree = "<group>";
		};
		B6A275918A189278B7E52717 /* Frameworks */ = {
			isa = PBXGroup;
			children = (
				8323898EA6E9968A2FAC879F /* Pods_reto01FW.framework */,
			);
			name = Frameworks;
			sourceTree = "<group>";
		};
/* End PBXGroup section */

/* Begin PBXNativeTarget section */
		9F8FC86129ED90CD00548589 /* reto01FW */ = {
			isa = PBXNativeTarget;
			buildConfigurationList = 9F8FC87629ED90CF00548589 /* Build configuration list for PBXNativeTarget "reto01FW" */;
			buildPhases = (
				E1158B328F9401D3DAF3F3E4 /* [CP] Check Pods Manifest.lock */,
				9F8FC85E29ED90CD00548589 /* Sources */,
				9F8FC85F29ED90CD00548589 /* Frameworks */,
				9F8FC86029ED90CD00548589 /* Resources */,
				39AD0D18A58094893DAA2CCC /* [CP] Embed Pods Frameworks */,
			);
			buildRules = (
			);
			dependencies = (
			);
			name = reto01FW;
			productName = reto01FW;
			productReference = 9F8FC86229ED90CD00548589 /* reto01FW.app */;
			productType = "com.apple.product-type.application";
		};
/* End PBXNativeTarget section */

/* Begin PBXProject section */
		9F8FC85A29ED90CD00548589 /* Project object */ = {
			isa = PBXProject;
			attributes = {
				BuildIndependentTargetsInParallel = 1;
				LastSwiftUpdateCheck = 1430;
				LastUpgradeCheck = 1430;
				TargetAttributes = {
					9F8FC86129ED90CD00548589 = {
						CreatedOnToolsVersion = 14.3;
					};
				};
			};
			buildConfigurationList = 9F8FC85D29ED90CD00548589 /* Build configuration list for PBXProject "reto01FW" */;
			compatibilityVersion = "Xcode 14.0";
			developmentRegion = en;
			hasScannedForEncodings = 0;
			knownRegions = (
				en,
				Base,
			);
			mainGroup = 9F8FC85929ED90CD00548589;
			productRefGroup = 9F8FC86329ED90CD00548589 /* Products */;
			projectDirPath = "";
			projectRoot = "";
			targets = (
				9F8FC86129ED90CD00548589 /* reto01FW */,
			);
		};
/* End PBXProject section */

/* Begin PBXResourcesBuildPhase section */
		9F8FC86029ED90CD00548589 /* Resources */ = {
			isa = PBXResourcesBuildPhase;
			buildActionMask = 2147483647;
			files = (
				9F8FC87229ED90CF00548589 /* LaunchScreen.storyboard in Resources */,
				9F8FC86F29ED90CF00548589 /* Assets.xcassets in Resources */,
				9F8FC87E29ED9A1B00548589 /* CollectionViewCellPokemon.xib in Resources */,
				9F8FC86D29ED90CD00548589 /* Main.storyboard in Resources */,
			);
			runOnlyForDeploymentPostprocessing = 0;
		};
/* End PBXResourcesBuildPhase section */

/* Begin PBXShellScriptBuildPhase section */
		39AD0D18A58094893DAA2CCC /* [CP] Embed Pods Frameworks */ = {
			isa = PBXShellScriptBuildPhase;
			buildActionMask = 2147483647;
			files = (
			);
			inputFileListPaths = (
				"${PODS_ROOT}/Target Support Files/Pods-reto01FW/Pods-reto01FW-frameworks-${CONFIGURATION}-input-files.xcfilelist",
			);
			name = "[CP] Embed Pods Frameworks";
			outputFileListPaths = (
				"${PODS_ROOT}/Target Support Files/Pods-reto01FW/Pods-reto01FW-frameworks-${CONFIGURATION}-output-files.xcfilelist",
			);
			runOnlyForDeploymentPostprocessing = 0;
			shellPath = /bin/sh;
			shellScript = "\"${PODS_ROOT}/Target Support Files/Pods-reto01FW/Pods-reto01FW-frameworks.sh\"\n";
			showEnvVarsInLog = 0;
		};
		E1158B328F9401D3DAF3F3E4 /* [CP] Check Pods Manifest.lock */ = {
			isa = PBXShellScriptBuildPhase;
			buildActionMask = 2147483647;
			files = (
			);
			inputFileListPaths = (
			);
			inputPaths = (
				"${PODS_PODFILE_DIR_PATH}/Podfile.lock",
				"${PODS_ROOT}/Manifest.lock",
			);
			name = "[CP] Check Pods Manifest.lock";
			outputFileListPaths = (
			);
			outputPaths = (
				"$(DERIVED_FILE_DIR)/Pods-reto01FW-checkManifestLockResult.txt",
			);
			runOnlyForDeploymentPostprocessing = 0;
			shellPath = /bin/sh;
			shellScript = "diff \"${PODS_PODFILE_DIR_PATH}/Podfile.lock\" \"${PODS_ROOT}/Manifest.lock\" > /dev/null\nif [ $? != 0 ] ; then\n    # print error to STDERR\n    echo \"error: The sandbox is not in sync with the Podfile.lock. Run 'pod install' or update your CocoaPods installation.\" >&2\n    exit 1\nfi\n# This output is used by Xcode 'outputs' to avoid re-running this script phase.\necho \"SUCCESS\" > \"${SCRIPT_OUTPUT_FILE_0}\"\n";
			showEnvVarsInLog = 0;
		};
/* End PBXShellScriptBuildPhase section */

/* Begin PBXSourcesBuildPhase section */
		9F8FC85E29ED90CD00548589 /* Sources */ = {
			isa = PBXSourcesBuildPhase;
			buildActionMask = 2147483647;
			files = (
				9F8FC86A29ED90CD00548589 /* ViewController.swift in Sources */,
				57590F712A0203E7008A6C56 /* NetworkingProvider.swift in Sources */,
				57B2BDDF29F458D000FA7766 /* InformationViewController.swift in Sources */,
				57590C5D29F5D21F006EE642 /* PokemonsFavorite+CoreDataProperties.swift in Sources */,
				5739160F29F5B93E0005BC1E /* PokemonData.xcdatamodeld in Sources */,
				9F8FC87D29ED9A1B00548589 /* PokemonCollectionViewCell.swift in Sources */,
				570467342A12F74600F0D926 /* ViewModel.swift in Sources */,
				9F8FC86629ED90CD00548589 /* AppDelegate.swift in Sources */,
				9F8FC87A29ED91E100548589 /* FavoriteViewController.swift in Sources */,
				57590C5C29F5D21F006EE642 /* PokemonsFavorite+CoreDataClass.swift in Sources */,
				9F8FC86829ED90CD00548589 /* SceneDelegate.swift in Sources */,
				571A6E322A021CE20041ACEF /* PokemonData.swift in Sources */,
				572E80AE29F76E1D00E64C8D /* CompareViewController.swift in Sources */,
			);
			runOnlyForDeploymentPostprocessing = 0;
		};
/* End PBXSourcesBuildPhase section */

/* Begin PBXVariantGroup section */
		9F8FC86B29ED90CD00548589 /* Main.storyboard */ = {
			isa = PBXVariantGroup;
			children = (
				9F8FC86C29ED90CD00548589 /* Base */,
			);
			name = Main.storyboard;
			sourceTree = "<group>";
		};
		9F8FC87029ED90CF00548589 /* LaunchScreen.storyboard */ = {
			isa = PBXVariantGroup;
			children = (
				9F8FC87129ED90CF00548589 /* Base */,
			);
			name = LaunchScreen.storyboard;
			sourceTree = "<group>";
		};
/* End PBXVariantGroup section */

/* Begin XCBuildConfiguration section */
		9F8FC87429ED90CF00548589 /* Debug */ = {
			isa = XCBuildConfiguration;
			buildSettings = {
				ALWAYS_SEARCH_USER_PATHS = NO;
				CLANG_ANALYZER_NONNULL = YES;
				CLANG_ANALYZER_NUMBER_OBJECT_CONVERSION = YES_AGGRESSIVE;
				CLANG_CXX_LANGUAGE_STANDARD = "gnu++20";
				CLANG_ENABLE_MODULES = YES;
				CLANG_ENABLE_OBJC_ARC = YES;
				CLANG_ENABLE_OBJC_WEAK = YES;
				CLANG_WARN_BLOCK_CAPTURE_AUTORELEASING = YES;
				CLANG_WARN_BOOL_CONVERSION = YES;
				CLANG_WARN_COMMA = YES;
				CLANG_WARN_CONSTANT_CONVERSION = YES;
				CLANG_WARN_DEPRECATED_OBJC_IMPLEMENTATIONS = YES;
				CLANG_WARN_DIRECT_OBJC_ISA_USAGE = YES_ERROR;
				CLANG_WARN_DOCUMENTATION_COMMENTS = YES;
				CLANG_WARN_EMPTY_BODY = YES;
				CLANG_WARN_ENUM_CONVERSION = YES;
				CLANG_WARN_INFINITE_RECURSION = YES;
				CLANG_WARN_INT_CONVERSION = YES;
				CLANG_WARN_NON_LITERAL_NULL_CONVERSION = YES;
				CLANG_WARN_OBJC_IMPLICIT_RETAIN_SELF = YES;
				CLANG_WARN_OBJC_LITERAL_CONVERSION = YES;
				CLANG_WARN_OBJC_ROOT_CLASS = YES_ERROR;
				CLANG_WARN_QUOTED_INCLUDE_IN_FRAMEWORK_HEADER = YES;
				CLANG_WARN_RANGE_LOOP_ANALYSIS = YES;
				CLANG_WARN_STRICT_PROTOTYPES = YES;
				CLANG_WARN_SUSPICIOUS_MOVE = YES;
				CLANG_WARN_UNGUARDED_AVAILABILITY = YES_AGGRESSIVE;
				CLANG_WARN_UNREACHABLE_CODE = YES;
				CLANG_WARN__DUPLICATE_METHOD_MATCH = YES;
				COPY_PHASE_STRIP = NO;
				DEBUG_INFORMATION_FORMAT = dwarf;
				ENABLE_STRICT_OBJC_MSGSEND = YES;
				ENABLE_TESTABILITY = YES;
				GCC_C_LANGUAGE_STANDARD = gnu11;
				GCC_DYNAMIC_NO_PIC = NO;
				GCC_NO_COMMON_BLOCKS = YES;
				GCC_OPTIMIZATION_LEVEL = 0;
				GCC_PREPROCESSOR_DEFINITIONS = (
					"DEBUG=1",
					"$(inherited)",
				);
				GCC_WARN_64_TO_32_BIT_CONVERSION = YES;
				GCC_WARN_ABOUT_RETURN_TYPE = YES_ERROR;
				GCC_WARN_UNDECLARED_SELECTOR = YES;
				GCC_WARN_UNINITIALIZED_AUTOS = YES_AGGRESSIVE;
				GCC_WARN_UNUSED_FUNCTION = YES;
				GCC_WARN_UNUSED_VARIABLE = YES;
				IPHONEOS_DEPLOYMENT_TARGET = 16.4;
				MTL_ENABLE_DEBUG_INFO = INCLUDE_SOURCE;
				MTL_FAST_MATH = YES;
				ONLY_ACTIVE_ARCH = YES;
				SDKROOT = iphoneos;
				SWIFT_ACTIVE_COMPILATION_CONDITIONS = DEBUG;
				SWIFT_OPTIMIZATION_LEVEL = "-Onone";
			};
			name = Debug;
		};
		9F8FC87529ED90CF00548589 /* Release */ = {
			isa = XCBuildConfiguration;
			buildSettings = {
				ALWAYS_SEARCH_USER_PATHS = NO;
				CLANG_ANALYZER_NONNULL = YES;
				CLANG_ANALYZER_NUMBER_OBJECT_CONVERSION = YES_AGGRESSIVE;
				CLANG_CXX_LANGUAGE_STANDARD = "gnu++20";
				CLANG_ENABLE_MODULES = YES;
				CLANG_ENABLE_OBJC_ARC = YES;
				CLANG_ENABLE_OBJC_WEAK = YES;
				CLANG_WARN_BLOCK_CAPTURE_AUTORELEASING = YES;
				CLANG_WARN_BOOL_CONVERSION = YES;
				CLANG_WARN_COMMA = YES;
				CLANG_WARN_CONSTANT_CONVERSION = YES;
				CLANG_WARN_DEPRECATED_OBJC_IMPLEMENTATIONS = YES;
				CLANG_WARN_DIRECT_OBJC_ISA_USAGE = YES_ERROR;
				CLANG_WARN_DOCUMENTATION_COMMENTS = YES;
				CLANG_WARN_EMPTY_BODY = YES;
				CLANG_WARN_ENUM_CONVERSION = YES;
				CLANG_WARN_INFINITE_RECURSION = YES;
				CLANG_WARN_INT_CONVERSION = YES;
				CLANG_WARN_NON_LITERAL_NULL_CONVERSION = YES;
				CLANG_WARN_OBJC_IMPLICIT_RETAIN_SELF = YES;
				CLANG_WARN_OBJC_LITERAL_CONVERSION = YES;
				CLANG_WARN_OBJC_ROOT_CLASS = YES_ERROR;
				CLANG_WARN_QUOTED_INCLUDE_IN_FRAMEWORK_HEADER = YES;
				CLANG_WARN_RANGE_LOOP_ANALYSIS = YES;
				CLANG_WARN_STRICT_PROTOTYPES = YES;
				CLANG_WARN_SUSPICIOUS_MOVE = YES;
				CLANG_WARN_UNGUARDED_AVAILABILITY = YES_AGGRESSIVE;
				CLANG_WARN_UNREACHABLE_CODE = YES;
				CLANG_WARN__DUPLICATE_METHOD_MATCH = YES;
				COPY_PHASE_STRIP = NO;
				DEBUG_INFORMATION_FORMAT = "dwarf-with-dsym";
				ENABLE_NS_ASSERTIONS = NO;
				ENABLE_STRICT_OBJC_MSGSEND = YES;
				GCC_C_LANGUAGE_STANDARD = gnu11;
				GCC_NO_COMMON_BLOCKS = YES;
				GCC_WARN_64_TO_32_BIT_CONVERSION = YES;
				GCC_WARN_ABOUT_RETURN_TYPE = YES_ERROR;
				GCC_WARN_UNDECLARED_SELECTOR = YES;
				GCC_WARN_UNINITIALIZED_AUTOS = YES_AGGRESSIVE;
				GCC_WARN_UNUSED_FUNCTION = YES;
				GCC_WARN_UNUSED_VARIABLE = YES;
				IPHONEOS_DEPLOYMENT_TARGET = 16.4;
				MTL_ENABLE_DEBUG_INFO = NO;
				MTL_FAST_MATH = YES;
				SDKROOT = iphoneos;
				SWIFT_COMPILATION_MODE = wholemodule;
				SWIFT_OPTIMIZATION_LEVEL = "-O";
				VALIDATE_PRODUCT = YES;
			};
			name = Release;
		};
		9F8FC87729ED90CF00548589 /* Debug */ = {
			isa = XCBuildConfiguration;
			baseConfigurationReference = C659D9FB3C897929A562E5EE /* Pods-reto01FW.debug.xcconfig */;
			buildSettings = {
				ASSETCATALOG_COMPILER_APPICON_NAME = AppIcon;
				ASSETCATALOG_COMPILER_GLOBAL_ACCENT_COLOR_NAME = AccentColor;
				CODE_SIGN_STYLE = Automatic;
				CURRENT_PROJECT_VERSION = 1;
				GENERATE_INFOPLIST_FILE = YES;
				INFOPLIST_FILE = reto01FW/Info.plist;
				INFOPLIST_KEY_UIApplicationSupportsIndirectInputEvents = YES;
				INFOPLIST_KEY_UILaunchStoryboardName = LaunchScreen;
				INFOPLIST_KEY_UIMainStoryboardFile = Main;
				INFOPLIST_KEY_UISupportedInterfaceOrientations = UIInterfaceOrientationPortrait;
				INFOPLIST_KEY_UISupportedInterfaceOrientations_iPad = "UIInterfaceOrientationLandscapeLeft UIInterfaceOrientationLandscapeRight UIInterfaceOrientationPortrait UIInterfaceOrientationPortraitUpsideDown";
				LD_RUNPATH_SEARCH_PATHS = (
					"$(inherited)",
					"@executable_path/Frameworks",
				);
				MARKETING_VERSION = 1.0;
				PRODUCT_BUNDLE_IDENTIFIER = TiSmart.reto01FW;
				PRODUCT_NAME = "$(TARGET_NAME)";
				SWIFT_EMIT_LOC_STRINGS = YES;
				SWIFT_VERSION = 5.0;
				TARGETED_DEVICE_FAMILY = "1,2";
			};
			name = Debug;
		};
		9F8FC87829ED90CF00548589 /* Release */ = {
			isa = XCBuildConfiguration;
			baseConfigurationReference = 07CC2DBDF43BBE1142EC638B /* Pods-reto01FW.release.xcconfig */;
			buildSettings = {
				ASSETCATALOG_COMPILER_APPICON_NAME = AppIcon;
				ASSETCATALOG_COMPILER_GLOBAL_ACCENT_COLOR_NAME = AccentColor;
				CODE_SIGN_STYLE = Automatic;
				CURRENT_PROJECT_VERSION = 1;
				GENERATE_INFOPLIST_FILE = YES;
				INFOPLIST_FILE = reto01FW/Info.plist;
				INFOPLIST_KEY_UIApplicationSupportsIndirectInputEvents = YES;
				INFOPLIST_KEY_UILaunchStoryboardName = LaunchScreen;
				INFOPLIST_KEY_UIMainStoryboardFile = Main;
				INFOPLIST_KEY_UISupportedInterfaceOrientations = UIInterfaceOrientationPortrait;
				INFOPLIST_KEY_UISupportedInterfaceOrientations_iPad = "UIInterfaceOrientationLandscapeLeft UIInterfaceOrientationLandscapeRight UIInterfaceOrientationPortrait UIInterfaceOrientationPortraitUpsideDown";
				LD_RUNPATH_SEARCH_PATHS = (
					"$(inherited)",
					"@executable_path/Frameworks",
				);
				MARKETING_VERSION = 1.0;
				PRODUCT_BUNDLE_IDENTIFIER = TiSmart.reto01FW;
				PRODUCT_NAME = "$(TARGET_NAME)";
				SWIFT_EMIT_LOC_STRINGS = YES;
				SWIFT_VERSION = 5.0;
				TARGETED_DEVICE_FAMILY = "1,2";
			};
			name = Release;
		};
/* End XCBuildConfiguration section */

/* Begin XCConfigurationList section */
		9F8FC85D29ED90CD00548589 /* Build configuration list for PBXProject "reto01FW" */ = {
			isa = XCConfigurationList;
			buildConfigurations = (
				9F8FC87429ED90CF00548589 /* Debug */,
				9F8FC87529ED90CF00548589 /* Release */,
			);
			defaultConfigurationIsVisible = 0;
			defaultConfigurationName = Release;
		};
		9F8FC87629ED90CF00548589 /* Build configuration list for PBXNativeTarget "reto01FW" */ = {
			isa = XCConfigurationList;
			buildConfigurations = (
				9F8FC87729ED90CF00548589 /* Debug */,
				9F8FC87829ED90CF00548589 /* Release */,
			);
			defaultConfigurationIsVisible = 0;
			defaultConfigurationName = Release;
		};
/* End XCConfigurationList section */

/* Begin XCVersionGroup section */
		5739160D29F5B93E0005BC1E /* PokemonData.xcdatamodeld */ = {
			isa = XCVersionGroup;
			children = (
				5739160E29F5B93E0005BC1E /* PokemonData.xcdatamodel */,
			);
			currentVersion = 5739160E29F5B93E0005BC1E /* PokemonData.xcdatamodel */;
			path = PokemonData.xcdatamodeld;
			sourceTree = "<group>";
			versionGroupType = wrapper.xcdatamodel;
		};
/* End XCVersionGroup section */
	};
	rootObject = 9F8FC85A29ED90CD00548589 /* Project object */;
}
